{
  "version": 4,
  "terraform_version": "1.0.0",
  "serial": 6,
  "lineage": "c9776eb1-d92b-8841-96bb-c48a7c5e0f39",
  "outputs": {
    "api_port": {
      "value": 6550,
      "type": "number"
    },
    "cluster_ip": {
      "value": "192.168.42.110",
      "type": "string"
    },
    "clusters_created": {
      "value": [
        "k3d"
      ],
      "type": [
        "list",
        "string"
      ]
    },
    "host_lb_port": {
      "value": 8080,
      "type": "number"
    }
  },
  "resources": [
    {
      "mode": "data",
      "type": "docker_network",
      "name": "k3d",
      "provider": "provider[\"registry.terraform.io/kreuzwerker/docker\"]",
      "instances": []
    },
    {
      "mode": "managed",
      "type": "null_resource",
      "name": "cluster",
      "provider": "provider[\"registry.terraform.io/hashicorp/null\"]",
      "instances": [
        {
          "index_key": "k3d",
          "status": "tainted",
          "schema_version": 0,
          "attributes": {
            "id": "4949854878410041027",
            "triggers": {
              "agent_count": "1",
              "ip": "192.168.42.110",
              "k3s_version": "v1.19.8-k3s1",
              "port": "6550",
              "server_count": "1"
            }
          },
          "sensitive_attributes": [],
          "private": "bnVsbA==",
          "dependencies": [
            "random_integer.port"
          ]
        }
      ]
    },
    {
      "mode": "managed",
      "type": "null_resource",
      "name": "cluster_delete",
      "provider": "provider[\"registry.terraform.io/hashicorp/null\"]",
      "instances": [
        {
          "index_key": "k3d",
          "schema_version": 0,
          "attributes": {
            "id": "6821118729112779145",
            "triggers": null
          },
          "sensitive_attributes": [],
          "private": "bnVsbA=="
        }
      ]
    },
    {
      "mode": "managed",
      "type": "random_integer",
      "name": "port",
      "provider": "provider[\"registry.terraform.io/hashicorp/random\"]",
      "instances": [
        {
          "schema_version": 0,
          "attributes": {
            "id": "8057",
            "keepers": null,
            "max": 8099,
            "min": 8000,
            "result": 8057,
            "seed": null
          },
          "sensitive_attributes": [],
          "private": "bnVsbA=="
        }
      ]
    }
  ]
}
